{
  "name": "css",
  "lockfileVersion": 3,
  "requires": true,
  "packages": {
    "": {
      "dependencies": {
        "gis-phpmailer": "^1.0.0"
      }
    },
    "node_modules/gis-phpmailer": {
      "version": "1.0.0",
      "resolved": "https://registry.npmjs.org/gis-phpmailer/-/gis-phpmailer-1.0.0.tgz",
      "integrity": "sha512-dfKKnNoJhO/3ndsetvkqVFyMhYwbVT6i6eDRatuBxCw2Zd0XPCGuLcJQlFOab070M5/ern8UTakp9D3ZOhwYKg=="
    }
  }
}
